{
	"lockfileVersion": 1,
	"workspaces": {
		"": {
			"name": "iac-comparisons"
		},
		"architect": {
			"name": "@iac-comparisons/architect"
		},
		"cdk": {
			"name": "@iac-comparisons/cdk"
		},
		"cdktf": {
			"name": "@iac-comparisons/cdktf"
		},
		"cloudformation": {
			"name": "@iac-comparisons/cloudformation"
		},
		"pulumi": {
			"name": "@iac-comparisons/pulumi"
		},
		"serverless": {
			"name": "@iac-comparisons/serverless"
		},
		"sst": {
			"name": "@iac-comparisons/sst"
		},
		"terraform": {
			"name": "@iac-comparisons/terraform"
		}
	},
	"packages": {
		"@iac-comparisons/architect": [
			"@iac-comparisons/architect@workspace:architect"
		],

		"@iac-comparisons/cdk": ["@iac-comparisons/cdk@workspace:cdk"],

		"@iac-comparisons/cdktf": ["@iac-comparisons/cdktf@workspace:cdktf"],

		"@iac-comparisons/cloudformation": [
			"@iac-comparisons/cloudformation@workspace:cloudformation"
		],

		"@iac-comparisons/pulumi": ["@iac-comparisons/pulumi@workspace:pulumi"],

		"@iac-comparisons/serverless": [
			"@iac-comparisons/serverless@workspace:serverless"
		],

		"@iac-comparisons/sst": ["@iac-comparisons/sst@workspace:sst"],

		"@iac-comparisons/terraform": [
			"@iac-comparisons/terraform@workspace:terraform"
		]
	}
}
