{
  "lockfileVersion": 1,
  "workspaces": {
    "": {
      "name": "iac-benchmarks",
    },
    "architect": {
      "name": "@iac-benchmarks/architect",
    },
    "cdk": {
      "name": "@iac-benchmarks/cdk",
    },
    "cdktf": {
      "name": "@iac-benchmarks/cdktf",
    },
    "cloudformation": {
      "name": "@iac-benchmarks/cloudformation",
    },
    "pulumi": {
      "name": "@iac-benchmarks/pulumi",
    },
    "serverless": {
      "name": "@iac-benchmarks/serverless",
    },
    "sst": {
      "name": "@iac-benchmarks/sst",
    },
    "terraform": {
      "name": "@iac-benchmarks/terraform",
    },
  },
  "packages": {
    "@iac-benchmarks/architect": ["@iac-benchmarks/architect@workspace:architect"],

    "@iac-benchmarks/cdk": ["@iac-benchmarks/cdk@workspace:cdk"],

    "@iac-benchmarks/cdktf": ["@iac-benchmarks/cdktf@workspace:cdktf"],

    "@iac-benchmarks/cloudformation": ["@iac-benchmarks/cloudformation@workspace:cloudformation"],

    "@iac-benchmarks/pulumi": ["@iac-benchmarks/pulumi@workspace:pulumi"],

    "@iac-benchmarks/serverless": ["@iac-benchmarks/serverless@workspace:serverless"],

    "@iac-benchmarks/sst": ["@iac-benchmarks/sst@workspace:sst"],

    "@iac-benchmarks/terraform": ["@iac-benchmarks/terraform@workspace:terraform"],
  }
}
